// !$*UTF8*$!
{
	archiveVersion = 1;
	classes = {
	};
	objectVersion = 50;
	objects = {

/* Begin PBXBuildFile section */
		D43688C822E2367800F72199 /* ShowToDoListReducer.swift in Sources */ = {isa = PBXBuildFile; fileRef = D43688C722E2367800F72199 /* ShowToDoListReducer.swift */; };
		D437311C22C7D3DC00D1524D /* AppStore.swift in Sources */ = {isa = PBXBuildFile; fileRef = D437311B22C7D3DC00D1524D /* AppStore.swift */; };
		D437311E22C7D3FC00D1524D /* AppState.swift in Sources */ = {isa = PBXBuildFile; fileRef = D437311D22C7D3FC00D1524D /* AppState.swift */; };
		D44F404922EE18C400863AD1 /* ToDoCell.swift in Sources */ = {isa = PBXBuildFile; fileRef = D44F404822EE18C400863AD1 /* ToDoCell.swift */; };
		D44F404B22EE192A00863AD1 /* ToDoViewModel.swift in Sources */ = {isa = PBXBuildFile; fileRef = D44F404A22EE192A00863AD1 /* ToDoViewModel.swift */; };
		D46B2F0C22D260B4003F53AE /* AppDelegate+Utils.swift in Sources */ = {isa = PBXBuildFile; fileRef = D46B2F0B22D260B4003F53AE /* AppDelegate+Utils.swift */; };
		D46D4CAD22DE481E00DD3E03 /* ShowToDoListAction.swift in Sources */ = {isa = PBXBuildFile; fileRef = D46D4CAC22DE481E00DD3E03 /* ShowToDoListAction.swift */; };
		D4972E3B22E4D57E00B52533 /* NavigationState.swift in Sources */ = {isa = PBXBuildFile; fileRef = D4972E3A22E4D57E00B52533 /* NavigationState.swift */; };
		D4972E3D22E4EA0C00B52533 /* UpdateNavigationStateReducer.swift in Sources */ = {isa = PBXBuildFile; fileRef = D4972E3C22E4EA0C00B52533 /* UpdateNavigationStateReducer.swift */; };
		D4972E3F22E4EB8E00B52533 /* UpdateNavigationStateAction.swift in Sources */ = {isa = PBXBuildFile; fileRef = D4972E3E22E4EB8E00B52533 /* UpdateNavigationStateAction.swift */; };
		D4A1F7D52304283500A4B748 /* ChangeTaskStateAction.swift in Sources */ = {isa = PBXBuildFile; fileRef = D4A1F7D42304283500A4B748 /* ChangeTaskStateAction.swift */; };
		D4A1F7D723042AC600A4B748 /* ChangeTaskStateReducer.swift in Sources */ = {isa = PBXBuildFile; fileRef = D4A1F7D623042AC600A4B748 /* ChangeTaskStateReducer.swift */; };
		D4F0D4EA22B5023200DB136F /* Assets.xcassets in Resources */ = {isa = PBXBuildFile; fileRef = D4F0D4E422B5023200DB136F /* Assets.xcassets */; };
		D4F0D4EB22B5023200DB136F /* LaunchScreen.storyboard in Resources */ = {isa = PBXBuildFile; fileRef = D4F0D4E522B5023200DB136F /* LaunchScreen.storyboard */; };
		D4F0D4F022B502DE00DB136F /* ToDoListVC.swift in Sources */ = {isa = PBXBuildFile; fileRef = D4F0D4EE22B502DE00DB136F /* ToDoListVC.swift */; };
		D4F0D4F122B502DE00DB136F /* AppDelegate.swift in Sources */ = {isa = PBXBuildFile; fileRef = D4F0D4EF22B502DE00DB136F /* AppDelegate.swift */; };
		D4F0D4F422B5048F00DB136F /* State.swift in Sources */ = {isa = PBXBuildFile; fileRef = D4F0D4F322B5048F00DB136F /* State.swift */; };
		D4F0D4F622B504AC00DB136F /* Action.swift in Sources */ = {isa = PBXBuildFile; fileRef = D4F0D4F522B504AC00DB136F /* Action.swift */; };
		D4F0D4F822B50F4B00DB136F /* Store.swift in Sources */ = {isa = PBXBuildFile; fileRef = D4F0D4F722B50F4B00DB136F /* Store.swift */; };
		D4F0D4FA22B5128400DB136F /* Reducer.swift in Sources */ = {isa = PBXBuildFile; fileRef = D4F0D4F922B5128400DB136F /* Reducer.swift */; };
		D4F0D4FC22B6BD4000DB136F /* AppDelegate+Redux.swift in Sources */ = {isa = PBXBuildFile; fileRef = D4F0D4FB22B6BD4000DB136F /* AppDelegate+Redux.swift */; };
		D4FE273B22D11F2900C51EBF /* ToDoTask.swift in Sources */ = {isa = PBXBuildFile; fileRef = D4FE273A22D11F2900C51EBF /* ToDoTask.swift */; };
		D4FE273F22D1227B00C51EBF /* ToDoListDataSource.swift in Sources */ = {isa = PBXBuildFile; fileRef = D4FE273E22D1227B00C51EBF /* ToDoListDataSource.swift */; };
/* End PBXBuildFile section */

/* Begin PBXFileReference section */
		D43688C722E2367800F72199 /* ShowToDoListReducer.swift */ = {isa = PBXFileReference; lastKnownFileType = sourcecode.swift; name = ShowToDoListReducer.swift; path = "../../../../../../../System/Volumes/Data/Users/cmvicentehe/Proyectos iOS/ReduxSample/ReduxSample/Redux/Reducers/ShowToDoListReducer.swift"; sourceTree = "<group>"; };
		D437311B22C7D3DC00D1524D /* AppStore.swift */ = {isa = PBXFileReference; lastKnownFileType = sourcecode.swift; path = AppStore.swift; sourceTree = "<group>"; };
		D437311D22C7D3FC00D1524D /* AppState.swift */ = {isa = PBXFileReference; lastKnownFileType = sourcecode.swift; path = AppState.swift; sourceTree = "<group>"; };
		D44F404822EE18C400863AD1 /* ToDoCell.swift */ = {isa = PBXFileReference; lastKnownFileType = sourcecode.swift; name = ToDoCell.swift; path = "../../../../../../../System/Volumes/Data/Users/cmvicentehe/Proyectos iOS/ReduxSample/ReduxSample/Modules/List/ToDoCell.swift"; sourceTree = "<group>"; };
		D44F404A22EE192A00863AD1 /* ToDoViewModel.swift */ = {isa = PBXFileReference; lastKnownFileType = sourcecode.swift; name = ToDoViewModel.swift; path = "../../../../../../../System/Volumes/Data/Users/cmvicentehe/Proyectos iOS/ReduxSample/ReduxSample/Modules/List/ToDoViewModel.swift"; sourceTree = "<group>"; };
		D46B2F0B22D260B4003F53AE /* AppDelegate+Utils.swift */ = {isa = PBXFileReference; lastKnownFileType = sourcecode.swift; path = "AppDelegate+Utils.swift"; sourceTree = "<group>"; };
		D46D4CAC22DE481E00DD3E03 /* ShowToDoListAction.swift */ = {isa = PBXFileReference; lastKnownFileType = sourcecode.swift; path = ShowToDoListAction.swift; sourceTree = "<group>"; };
		D4972E3A22E4D57E00B52533 /* NavigationState.swift */ = {isa = PBXFileReference; lastKnownFileType = sourcecode.swift; name = NavigationState.swift; path = "../../../../../../../System/Volumes/Data/Users/cmvicentehe/Proyectos iOS/ReduxSample/ReduxSample/Redux/Application/NavigationState.swift"; sourceTree = "<group>"; };
		D4972E3C22E4EA0C00B52533 /* UpdateNavigationStateReducer.swift */ = {isa = PBXFileReference; lastKnownFileType = sourcecode.swift; name = UpdateNavigationStateReducer.swift; path = "../../../../../../../System/Volumes/Data/Users/cmvicentehe/Proyectos iOS/ReduxSample/ReduxSample/Redux/Reducers/UpdateNavigationStateReducer.swift"; sourceTree = "<group>"; };
		D4972E3E22E4EB8E00B52533 /* UpdateNavigationStateAction.swift */ = {isa = PBXFileReference; lastKnownFileType = sourcecode.swift; name = UpdateNavigationStateAction.swift; path = "../../../../../../../System/Volumes/Data/Users/cmvicentehe/Proyectos iOS/ReduxSample/ReduxSample/Redux/Actions/UpdateNavigationStateAction.swift"; sourceTree = "<group>"; };
		D4A1F7D42304283500A4B748 /* ChangeTaskStateAction.swift */ = {isa = PBXFileReference; lastKnownFileType = sourcecode.swift; path = ChangeTaskStateAction.swift; sourceTree = "<group>"; };
		D4A1F7D623042AC600A4B748 /* ChangeTaskStateReducer.swift */ = {isa = PBXFileReference; lastKnownFileType = sourcecode.swift; path = ChangeTaskStateReducer.swift; sourceTree = "<group>"; };
		D4F0D4CE22B4FCF900DB136F /* ReduxSample.app */ = {isa = PBXFileReference; explicitFileType = wrapper.application; includeInIndex = 0; path = ReduxSample.app; sourceTree = BUILT_PRODUCTS_DIR; };
		D4F0D4E422B5023200DB136F /* Assets.xcassets */ = {isa = PBXFileReference; lastKnownFileType = folder.assetcatalog; path = Assets.xcassets; sourceTree = "<group>"; };
		D4F0D4E622B5023200DB136F /* Base */ = {isa = PBXFileReference; lastKnownFileType = file.storyboard; name = Base; path = Base.lproj/LaunchScreen.storyboard; sourceTree = "<group>"; };
		D4F0D4E922B5023200DB136F /* Info.plist */ = {isa = PBXFileReference; fileEncoding = 4; lastKnownFileType = text.plist.xml; path = Info.plist; sourceTree = "<group>"; };
		D4F0D4EE22B502DE00DB136F /* ToDoListVC.swift */ = {isa = PBXFileReference; fileEncoding = 4; lastKnownFileType = sourcecode.swift; path = ToDoListVC.swift; sourceTree = "<group>"; };
		D4F0D4EF22B502DE00DB136F /* AppDelegate.swift */ = {isa = PBXFileReference; fileEncoding = 4; lastKnownFileType = sourcecode.swift; path = AppDelegate.swift; sourceTree = "<group>"; };
		D4F0D4F322B5048F00DB136F /* State.swift */ = {isa = PBXFileReference; lastKnownFileType = sourcecode.swift; path = State.swift; sourceTree = "<group>"; };
		D4F0D4F522B504AC00DB136F /* Action.swift */ = {isa = PBXFileReference; lastKnownFileType = sourcecode.swift; path = Action.swift; sourceTree = "<group>"; };
		D4F0D4F722B50F4B00DB136F /* Store.swift */ = {isa = PBXFileReference; lastKnownFileType = sourcecode.swift; path = Store.swift; sourceTree = "<group>"; };
		D4F0D4F922B5128400DB136F /* Reducer.swift */ = {isa = PBXFileReference; lastKnownFileType = sourcecode.swift; path = Reducer.swift; sourceTree = "<group>"; };
		D4F0D4FB22B6BD4000DB136F /* AppDelegate+Redux.swift */ = {isa = PBXFileReference; lastKnownFileType = sourcecode.swift; path = "AppDelegate+Redux.swift"; sourceTree = "<group>"; };
		D4FE273A22D11F2900C51EBF /* ToDoTask.swift */ = {isa = PBXFileReference; lastKnownFileType = sourcecode.swift; path = ToDoTask.swift; sourceTree = "<group>"; };
		D4FE273E22D1227B00C51EBF /* ToDoListDataSource.swift */ = {isa = PBXFileReference; lastKnownFileType = sourcecode.swift; path = ToDoListDataSource.swift; sourceTree = "<group>"; };
/* End PBXFileReference section */

/* Begin PBXFrameworksBuildPhase section */
		D4F0D4CB22B4FCF900DB136F /* Frameworks */ = {
			isa = PBXFrameworksBuildPhase;
			buildActionMask = 2147483647;
			files = (
			);
			runOnlyForDeploymentPostprocessing = 0;
		};
/* End PBXFrameworksBuildPhase section */

/* Begin PBXGroup section */
		D46D4CAB22DE46DA00DD3E03 /* Actions */ = {
			isa = PBXGroup;
			children = (
				D4A1F7D42304283500A4B748 /* ChangeTaskStateAction.swift */,
				D46D4CAC22DE481E00DD3E03 /* ShowToDoListAction.swift */,
				D4972E3E22E4EB8E00B52533 /* UpdateNavigationStateAction.swift */,
			);
			path = Actions;
			sourceTree = "<group>";
		};
		D46D4CAE22DE496A00DD3E03 /* Global */ = {
			isa = PBXGroup;
			children = (
				D4F0D4F522B504AC00DB136F /* Action.swift */,
				D4F0D4F322B5048F00DB136F /* State.swift */,
				D4F0D4F722B50F4B00DB136F /* Store.swift */,
				D4F0D4F922B5128400DB136F /* Reducer.swift */,
			);
			path = Global;
			sourceTree = "<group>";
		};
		D46D4CAF22DE498800DD3E03 /* Reducers */ = {
			isa = PBXGroup;
			children = (
				D4A1F7D623042AC600A4B748 /* ChangeTaskStateReducer.swift */,
				D43688C722E2367800F72199 /* ShowToDoListReducer.swift */,
				D4972E3C22E4EA0C00B52533 /* UpdateNavigationStateReducer.swift */,
			);
			path = Reducers;
			sourceTree = "<group>";
		};
		D486D89D22CBC65500C03DCA /* AppDelegate */ = {
			isa = PBXGroup;
			children = (
				D4F0D4EF22B502DE00DB136F /* AppDelegate.swift */,
				D4F0D4FB22B6BD4000DB136F /* AppDelegate+Redux.swift */,
				D46B2F0B22D260B4003F53AE /* AppDelegate+Utils.swift */,
			);
			path = AppDelegate;
			sourceTree = "<group>";
		};
		D486D89E22CBC6CA00C03DCA /* Application */ = {
			isa = PBXGroup;
			children = (
				D437311D22C7D3FC00D1524D /* AppState.swift */,
				D437311B22C7D3DC00D1524D /* AppStore.swift */,
				D4972E3A22E4D57E00B52533 /* NavigationState.swift */,
			);
			path = Application;
			sourceTree = "<group>";
		};
		D4F0D4C522B4FCF900DB136F = {
			isa = PBXGroup;
			children = (
				D4F0D4D022B4FCF900DB136F /* ReduxSample */,
				D4F0D4CF22B4FCF900DB136F /* Products */,
			);
			sourceTree = "<group>";
		};
		D4F0D4CF22B4FCF900DB136F /* Products */ = {
			isa = PBXGroup;
			children = (
				D4F0D4CE22B4FCF900DB136F /* ReduxSample.app */,
			);
			name = Products;
			sourceTree = "<group>";
		};
		D4F0D4D022B4FCF900DB136F /* ReduxSample */ = {
			isa = PBXGroup;
			children = (
				D4FE273C22D1224C00C51EBF /* Modules */,
				D4FE273922D11E8200C51EBF /* Domain */,
				D486D89D22CBC65500C03DCA /* AppDelegate */,
				D4F0D4F222B5046600DB136F /* Redux */,
				D4F0D4E322B5023200DB136F /* Resources */,
			);
			path = ReduxSample;
			sourceTree = "<group>";
		};
		D4F0D4E322B5023200DB136F /* Resources */ = {
			isa = PBXGroup;
			children = (
				D4F0D4E422B5023200DB136F /* Assets.xcassets */,
				D4F0D4E522B5023200DB136F /* LaunchScreen.storyboard */,
				D4F0D4E922B5023200DB136F /* Info.plist */,
			);
			path = Resources;
			sourceTree = "<group>";
		};
		D4F0D4F222B5046600DB136F /* Redux */ = {
			isa = PBXGroup;
			children = (
				D46D4CAB22DE46DA00DD3E03 /* Actions */,
				D486D89E22CBC6CA00C03DCA /* Application */,
				D46D4CAE22DE496A00DD3E03 /* Global */,
				D46D4CAF22DE498800DD3E03 /* Reducers */,
			);
			path = Redux;
			sourceTree = "<group>";
		};
		D4FE273922D11E8200C51EBF /* Domain */ = {
			isa = PBXGroup;
			children = (
				D4FE273A22D11F2900C51EBF /* ToDoTask.swift */,
			);
			path = Domain;
			sourceTree = "<group>";
		};
		D4FE273C22D1224C00C51EBF /* Modules */ = {
			isa = PBXGroup;
			children = (
				D4FE273D22D1225F00C51EBF /* List */,
			);
			path = Modules;
			sourceTree = "<group>";
		};
		D4FE273D22D1225F00C51EBF /* List */ = {
			isa = PBXGroup;
			children = (
				D44F404822EE18C400863AD1 /* ToDoCell.swift */,
				D4FE273E22D1227B00C51EBF /* ToDoListDataSource.swift */,
				D4F0D4EE22B502DE00DB136F /* ToDoListVC.swift */,
				D44F404A22EE192A00863AD1 /* ToDoViewModel.swift */,
			);
			path = List;
			sourceTree = "<group>";
		};
/* End PBXGroup section */

/* Begin PBXNativeTarget section */
		D4F0D4CD22B4FCF900DB136F /* ReduxSample */ = {
			isa = PBXNativeTarget;
			buildConfigurationList = D4F0D4E022B4FCFB00DB136F /* Build configuration list for PBXNativeTarget "ReduxSample" */;
			buildPhases = (
				D4F0D4CA22B4FCF900DB136F /* Sources */,
				D4F0D4CB22B4FCF900DB136F /* Frameworks */,
				D4F0D4CC22B4FCF900DB136F /* Resources */,
				D486D89C22CBC18F00C03DCA /* Swiftlint */,
			);
			buildRules = (
			);
			dependencies = (
			);
			name = ReduxSample;
			productName = ReduxSample;
			productReference = D4F0D4CE22B4FCF900DB136F /* ReduxSample.app */;
			productType = "com.apple.product-type.application";
		};
/* End PBXNativeTarget section */

/* Begin PBXProject section */
		D4F0D4C622B4FCF900DB136F /* Project object */ = {
			isa = PBXProject;
			attributes = {
				LastSwiftUpdateCheck = 1020;
				LastUpgradeCheck = 1020;
				ORGANIZATIONNAME = "Carlos Manuel Vicente Herrero";
				TargetAttributes = {
					D4F0D4CD22B4FCF900DB136F = {
						CreatedOnToolsVersion = 10.2.1;
						LastSwiftMigration = 1020;
					};
				};
			};
			buildConfigurationList = D4F0D4C922B4FCF900DB136F /* Build configuration list for PBXProject "ReduxSample" */;
			compatibilityVersion = "Xcode 9.3";
			developmentRegion = en;
			hasScannedForEncodings = 0;
			knownRegions = (
				en,
				Base,
			);
			mainGroup = D4F0D4C522B4FCF900DB136F;
			productRefGroup = D4F0D4CF22B4FCF900DB136F /* Products */;
			projectDirPath = "";
			projectRoot = "";
			targets = (
				D4F0D4CD22B4FCF900DB136F /* ReduxSample */,
			);
		};
/* End PBXProject section */

/* Begin PBXResourcesBuildPhase section */
		D4F0D4CC22B4FCF900DB136F /* Resources */ = {
			isa = PBXResourcesBuildPhase;
			buildActionMask = 2147483647;
			files = (
				D4F0D4EA22B5023200DB136F /* Assets.xcassets in Resources */,
				D4F0D4EB22B5023200DB136F /* LaunchScreen.storyboard in Resources */,
			);
			runOnlyForDeploymentPostprocessing = 0;
		};
/* End PBXResourcesBuildPhase section */

/* Begin PBXShellScriptBuildPhase section */
		D486D89C22CBC18F00C03DCA /* Swiftlint */ = {
			isa = PBXShellScriptBuildPhase;
			buildActionMask = 2147483647;
			files = (
			);
			inputFileListPaths = (
			);
			inputPaths = (
			);
			name = Swiftlint;
			outputFileListPaths = (
			);
			outputPaths = (
			);
			runOnlyForDeploymentPostprocessing = 0;
			shellPath = /bin/sh;
			shellScript = "if which swiftlint >/dev/null; then\nswiftlint\nelse\necho \"warning: SwiftLint not installed, download from https://github.com/realm/SwiftLint\"\nfi\n";
		};
/* End PBXShellScriptBuildPhase section */

/* Begin PBXSourcesBuildPhase section */
		D4F0D4CA22B4FCF900DB136F /* Sources */ = {
			isa = PBXSourcesBuildPhase;
			buildActionMask = 2147483647;
			files = (
				D4F0D4F822B50F4B00DB136F /* Store.swift in Sources */,
				D43688C822E2367800F72199 /* ShowToDoListReducer.swift in Sources */,
				D4A1F7D52304283500A4B748 /* ChangeTaskStateAction.swift in Sources */,
				D4A1F7D723042AC600A4B748 /* ChangeTaskStateReducer.swift in Sources */,
				D4FE273F22D1227B00C51EBF /* ToDoListDataSource.swift in Sources */,
				D4F0D4F122B502DE00DB136F /* AppDelegate.swift in Sources */,
				D4972E3B22E4D57E00B52533 /* NavigationState.swift in Sources */,
				D4FE273B22D11F2900C51EBF /* ToDoTask.swift in Sources */,
				D4F0D4FA22B5128400DB136F /* Reducer.swift in Sources */,
				D44F404922EE18C400863AD1 /* ToDoCell.swift in Sources */,
				D4972E3D22E4EA0C00B52533 /* UpdateNavigationStateReducer.swift in Sources */,
				D44F404B22EE192A00863AD1 /* ToDoViewModel.swift in Sources */,
				D437311E22C7D3FC00D1524D /* AppState.swift in Sources */,
				D4F0D4F622B504AC00DB136F /* Action.swift in Sources */,
				D4F0D4F022B502DE00DB136F /* ToDoListVC.swift in Sources */,
				D4F0D4F422B5048F00DB136F /* State.swift in Sources */,
				D4F0D4FC22B6BD4000DB136F /* AppDelegate+Redux.swift in Sources */,
				D46B2F0C22D260B4003F53AE /* AppDelegate+Utils.swift in Sources */,
				D437311C22C7D3DC00D1524D /* AppStore.swift in Sources */,
				D4972E3F22E4EB8E00B52533 /* UpdateNavigationStateAction.swift in Sources */,
				D46D4CAD22DE481E00DD3E03 /* ShowToDoListAction.swift in Sources */,
			);
			runOnlyForDeploymentPostprocessing = 0;
		};
/* End PBXSourcesBuildPhase section */

/* Begin PBXVariantGroup section */
		D4F0D4E522B5023200DB136F /* LaunchScreen.storyboard */ = {
			isa = PBXVariantGroup;
			children = (
				D4F0D4E622B5023200DB136F /* Base */,
			);
			name = LaunchScreen.storyboard;
			sourceTree = "<group>";
		};
/* End PBXVariantGroup section */

/* Begin XCBuildConfiguration section */
		D4F0D4DE22B4FCFB00DB136F /* Debug */ = {
			isa = XCBuildConfiguration;
			buildSettings = {
				ALWAYS_SEARCH_USER_PATHS = NO;
				CLANG_ANALYZER_NONNULL = YES;
				CLANG_ANALYZER_NUMBER_OBJECT_CONVERSION = YES_AGGRESSIVE;
				CLANG_CXX_LANGUAGE_STANDARD = "gnu++14";
				CLANG_CXX_LIBRARY = "libc++";
				CLANG_ENABLE_MODULES = YES;
				CLANG_ENABLE_OBJC_ARC = YES;
				CLANG_ENABLE_OBJC_WEAK = YES;
				CLANG_WARN_BLOCK_CAPTURE_AUTORELEASING = YES;
				CLANG_WARN_BOOL_CONVERSION = YES;
				CLANG_WARN_COMMA = YES;
				CLANG_WARN_CONSTANT_CONVERSION = YES;
				CLANG_WARN_DEPRECATED_OBJC_IMPLEMENTATIONS = YES;
				CLANG_WARN_DIRECT_OBJC_ISA_USAGE = YES_ERROR;
				CLANG_WARN_DOCUMENTATION_COMMENTS = YES;
				CLANG_WARN_EMPTY_BODY = YES;
				CLANG_WARN_ENUM_CONVERSION = YES;
				CLANG_WARN_INFINITE_RECURSION = YES;
				CLANG_WARN_INT_CONVERSION = YES;
				CLANG_WARN_NON_LITERAL_NULL_CONVERSION = YES;
				CLANG_WARN_OBJC_IMPLICIT_RETAIN_SELF = YES;
				CLANG_WARN_OBJC_LITERAL_CONVERSION = YES;
				CLANG_WARN_OBJC_ROOT_CLASS = YES_ERROR;
				CLANG_WARN_RANGE_LOOP_ANALYSIS = YES;
				CLANG_WARN_STRICT_PROTOTYPES = YES;
				CLANG_WARN_SUSPICIOUS_MOVE = YES;
				CLANG_WARN_UNGUARDED_AVAILABILITY = YES_AGGRESSIVE;
				CLANG_WARN_UNREACHABLE_CODE = YES;
				CLANG_WARN__DUPLICATE_METHOD_MATCH = YES;
				CODE_SIGN_IDENTITY = "iPhone Developer";
				COPY_PHASE_STRIP = NO;
				DEBUG_INFORMATION_FORMAT = dwarf;
				ENABLE_STRICT_OBJC_MSGSEND = YES;
				ENABLE_TESTABILITY = YES;
				GCC_C_LANGUAGE_STANDARD = gnu11;
				GCC_DYNAMIC_NO_PIC = NO;
				GCC_NO_COMMON_BLOCKS = YES;
				GCC_OPTIMIZATION_LEVEL = 0;
				GCC_PREPROCESSOR_DEFINITIONS = (
					"DEBUG=1",
					"$(inherited)",
				);
				GCC_WARN_64_TO_32_BIT_CONVERSION = YES;
				GCC_WARN_ABOUT_RETURN_TYPE = YES_ERROR;
				GCC_WARN_UNDECLARED_SELECTOR = YES;
				GCC_WARN_UNINITIALIZED_AUTOS = YES_AGGRESSIVE;
				GCC_WARN_UNUSED_FUNCTION = YES;
				GCC_WARN_UNUSED_VARIABLE = YES;
				IPHONEOS_DEPLOYMENT_TARGET = 12.2;
				MTL_ENABLE_DEBUG_INFO = INCLUDE_SOURCE;
				MTL_FAST_MATH = YES;
				ONLY_ACTIVE_ARCH = YES;
				SDKROOT = iphoneos;
				SWIFT_ACTIVE_COMPILATION_CONDITIONS = DEBUG;
				SWIFT_OPTIMIZATION_LEVEL = "-Onone";
			};
			name = Debug;
		};
		D4F0D4DF22B4FCFB00DB136F /* Release */ = {
			isa = XCBuildConfiguration;
			buildSettings = {
				ALWAYS_SEARCH_USER_PATHS = NO;
				CLANG_ANALYZER_NONNULL = YES;
				CLANG_ANALYZER_NUMBER_OBJECT_CONVERSION = YES_AGGRESSIVE;
				CLANG_CXX_LANGUAGE_STANDARD = "gnu++14";
				CLANG_CXX_LIBRARY = "libc++";
				CLANG_ENABLE_MODULES = YES;
				CLANG_ENABLE_OBJC_ARC = YES;
				CLANG_ENABLE_OBJC_WEAK = YES;
				CLANG_WARN_BLOCK_CAPTURE_AUTORELEASING = YES;
				CLANG_WARN_BOOL_CONVERSION = YES;
				CLANG_WARN_COMMA = YES;
				CLANG_WARN_CONSTANT_CONVERSION = YES;
				CLANG_WARN_DEPRECATED_OBJC_IMPLEMENTATIONS = YES;
				CLANG_WARN_DIRECT_OBJC_ISA_USAGE = YES_ERROR;
				CLANG_WARN_DOCUMENTATION_COMMENTS = YES;
				CLANG_WARN_EMPTY_BODY = YES;
				CLANG_WARN_ENUM_CONVERSION = YES;
				CLANG_WARN_INFINITE_RECURSION = YES;
				CLANG_WARN_INT_CONVERSION = YES;
				CLANG_WARN_NON_LITERAL_NULL_CONVERSION = YES;
				CLANG_WARN_OBJC_IMPLICIT_RETAIN_SELF = YES;
				CLANG_WARN_OBJC_LITERAL_CONVERSION = YES;
				CLANG_WARN_OBJC_ROOT_CLASS = YES_ERROR;
				CLANG_WARN_RANGE_LOOP_ANALYSIS = YES;
				CLANG_WARN_STRICT_PROTOTYPES = YES;
				CLANG_WARN_SUSPICIOUS_MOVE = YES;
				CLANG_WARN_UNGUARDED_AVAILABILITY = YES_AGGRESSIVE;
				CLANG_WARN_UNREACHABLE_CODE = YES;
				CLANG_WARN__DUPLICATE_METHOD_MATCH = YES;
				CODE_SIGN_IDENTITY = "iPhone Developer";
				COPY_PHASE_STRIP = NO;
				DEBUG_INFORMATION_FORMAT = "dwarf-with-dsym";
				ENABLE_NS_ASSERTIONS = NO;
				ENABLE_STRICT_OBJC_MSGSEND = YES;
				GCC_C_LANGUAGE_STANDARD = gnu11;
				GCC_NO_COMMON_BLOCKS = YES;
				GCC_WARN_64_TO_32_BIT_CONVERSION = YES;
				GCC_WARN_ABOUT_RETURN_TYPE = YES_ERROR;
				GCC_WARN_UNDECLARED_SELECTOR = YES;
				GCC_WARN_UNINITIALIZED_AUTOS = YES_AGGRESSIVE;
				GCC_WARN_UNUSED_FUNCTION = YES;
				GCC_WARN_UNUSED_VARIABLE = YES;
				IPHONEOS_DEPLOYMENT_TARGET = 12.2;
				MTL_ENABLE_DEBUG_INFO = NO;
				MTL_FAST_MATH = YES;
				SDKROOT = iphoneos;
				SWIFT_COMPILATION_MODE = wholemodule;
				SWIFT_OPTIMIZATION_LEVEL = "-O";
				VALIDATE_PRODUCT = YES;
			};
			name = Release;
		};
		D4F0D4E122B4FCFB00DB136F /* Debug */ = {
			isa = XCBuildConfiguration;
			buildSettings = {
				ASSETCATALOG_COMPILER_APPICON_NAME = AppIcon;
				CLANG_ENABLE_MODULES = YES;
				CODE_SIGN_STYLE = Automatic;
				DEVELOPMENT_TEAM = PY2HS9FGVN;
				INFOPLIST_FILE = "$(PROJECT)/Resources/Info.plist";
				IPHONEOS_DEPLOYMENT_TARGET = 10.0;
				LD_RUNPATH_SEARCH_PATHS = (
					"$(inherited)",
					"@executable_path/Frameworks",
				);
				PRODUCT_BUNDLE_IDENTIFIER = com.cmvicentehe.ReduxSample;
				PRODUCT_NAME = "$(TARGET_NAME)";
				SWIFT_OPTIMIZATION_LEVEL = "-Onone";
				SWIFT_VERSION = 5.0;
				TARGETED_DEVICE_FAMILY = "1,2";
			};
			name = Debug;
		};
		D4F0D4E222B4FCFB00DB136F /* Release */ = {
			isa = XCBuildConfiguration;
			buildSettings = {
				ASSETCATALOG_COMPILER_APPICON_NAME = AppIcon;
				CLANG_ENABLE_MODULES = YES;
				CODE_SIGN_STYLE = Automatic;
				DEVELOPMENT_TEAM = PY2HS9FGVN;
				INFOPLIST_FILE = "$(PROJECT)/Resources/Info.plist";
				IPHONEOS_DEPLOYMENT_TARGET = 10.0;
				LD_RUNPATH_SEARCH_PATHS = (
					"$(inherited)",
					"@executable_path/Frameworks",
				);
				PRODUCT_BUNDLE_IDENTIFIER = com.cmvicentehe.ReduxSample;
				PRODUCT_NAME = "$(TARGET_NAME)";
				SWIFT_VERSION = 5.0;
				TARGETED_DEVICE_FAMILY = "1,2";
			};
			name = Release;
		};
/* End XCBuildConfiguration section */

/* Begin XCConfigurationList section */
		D4F0D4C922B4FCF900DB136F /* Build configuration list for PBXProject "ReduxSample" */ = {
			isa = XCConfigurationList;
			buildConfigurations = (
				D4F0D4DE22B4FCFB00DB136F /* Debug */,
				D4F0D4DF22B4FCFB00DB136F /* Release */,
			);
			defaultConfigurationIsVisible = 0;
			defaultConfigurationName = Release;
		};
		D4F0D4E022B4FCFB00DB136F /* Build configuration list for PBXNativeTarget "ReduxSample" */ = {
			isa = XCConfigurationList;
			buildConfigurations = (
				D4F0D4E122B4FCFB00DB136F /* Debug */,
				D4F0D4E222B4FCFB00DB136F /* Release */,
			);
			defaultConfigurationIsVisible = 0;
			defaultConfigurationName = Release;
		};
/* End XCConfigurationList section */
	};
	rootObject = D4F0D4C622B4FCF900DB136F /* Project object */;
}
